
Microsoft Visual Studio Solution File, Format Version 12.00
# Visual Studio Version 17
VisualStudioVersion = 17.4.33213.308
MinimumVisualStudioVersion = 10.0.40219.1
Project("{9A19103F-16F7-4668-BE54-9A1E7A4F7556}") = "RestuarantManager", "RestuarantManager\RestuarantManager.csproj", "{3D6B5777-FF7A-4A65-870B-F0C2CD8B9B33}"
EndProject
Project("{9A19103F-16F7-4668-BE54-9A1E7A4F7556}") = "Domain", "Domain\Domain.csproj", "{B639D59A-9A8D-4D86-AA5F-352DF3355972}"
EndProject
Project("{9A19103F-16F7-4668-BE54-9A1E7A4F7556}") = "Infrastructure", "Infrastructure\Infrastructure.csproj", "{DF68D4AC-8898-47B4-8038-745A60036BA0}"
EndProject
Project("{FAE04EC0-301F-11D3-BF4B-00C04F79EFBC}") = "Aplication", "Aplication\Aplication.csproj", "{0DB9F18F-7E5A-41A9-82E5-F0CE5D140E86}"
EndProject
Global
	GlobalSection(SolutionConfigurationPlatforms) = preSolution
		Debug|Any CPU = Debug|Any CPU
		Release|Any CPU = Release|Any CPU
	EndGlobalSection
	GlobalSection(ProjectConfigurationPlatforms) = postSolution
		{3D6B5777-FF7A-4A65-870B-F0C2CD8B9B33}.Debug|Any CPU.ActiveCfg = Debug|Any CPU
		{3D6B5777-FF7A-4A65-870B-F0C2CD8B9B33}.Debug|Any CPU.Build.0 = Debug|Any CPU
		{3D6B5777-FF7A-4A65-870B-F0C2CD8B9B33}.Release|Any CPU.ActiveCfg = Release|Any CPU
		{3D6B5777-FF7A-4A65-870B-F0C2CD8B9B33}.Release|Any CPU.Build.0 = Release|Any CPU
		{B639D59A-9A8D-4D86-AA5F-352DF3355972}.Debug|Any CPU.ActiveCfg = Debug|Any CPU
		{B639D59A-9A8D-4D86-AA5F-352DF3355972}.Debug|Any CPU.Build.0 = Debug|Any CPU
		{B639D59A-9A8D-4D86-AA5F-352DF3355972}.Release|Any CPU.ActiveCfg = Release|Any CPU
		{B639D59A-9A8D-4D86-AA5F-352DF3355972}.Release|Any CPU.Build.0 = Release|Any CPU
		{DF68D4AC-8898-47B4-8038-745A60036BA0}.Debug|Any CPU.ActiveCfg = Debug|Any CPU
		{DF68D4AC-8898-47B4-8038-745A60036BA0}.Debug|Any CPU.Build.0 = Debug|Any CPU
		{DF68D4AC-8898-47B4-8038-745A60036BA0}.Release|Any CPU.ActiveCfg = Release|Any CPU
		{DF68D4AC-8898-47B4-8038-745A60036BA0}.Release|Any CPU.Build.0 = Release|Any CPU
		{0DB9F18F-7E5A-41A9-82E5-F0CE5D140E86}.Debug|Any CPU.ActiveCfg = Debug|Any CPU
		{0DB9F18F-7E5A-41A9-82E5-F0CE5D140E86}.Debug|Any CPU.Build.0 = Debug|Any CPU
		{0DB9F18F-7E5A-41A9-82E5-F0CE5D140E86}.Release|Any CPU.ActiveCfg = Release|Any CPU
		{0DB9F18F-7E5A-41A9-82E5-F0CE5D140E86}.Release|Any CPU.Build.0 = Release|Any CPU
	EndGlobalSection
	GlobalSection(SolutionProperties) = preSolution
		HideSolutionNode = FALSE
	EndGlobalSection
	GlobalSection(ExtensibilityGlobals) = postSolution
		SolutionGuid = {458835D2-6C01-4D63-AA78-6B25AEC502B6}
	EndGlobalSection
EndGlobal
